
Microsoft Visual Studio Solution File, Format Version 11.00
# Visual Studio 2010
Project("{F184B08F-C81C-45F6-A57F-5ABD9991F28F}") = "SuratJalan", "SuratJalan\SuratJalan.vbproj", "{6C22103C-6DCC-4BCB-BCA2-344E7C54E1D4}"
EndProject
Global
	GlobalSection(SolutionConfigurationPlatforms) = preSolution
		Debug|x86 = Debug|x86
		Release|x86 = Release|x86
		Surat Jalan v 2.2.0|x86 = Surat Jalan v 2.2.0|x86
	EndGlobalSection
	GlobalSection(ProjectConfigurationPlatforms) = postSolution
		{6C22103C-6DCC-4BCB-BCA2-344E7C54E1D4}.Debug|x86.ActiveCfg = Debug|x86
		{6C22103C-6DCC-4BCB-BCA2-344E7C54E1D4}.Debug|x86.Build.0 = Debug|x86
		{6C22103C-6DCC-4BCB-BCA2-344E7C54E1D4}.Release|x86.ActiveCfg = Release|x86
		{6C22103C-6DCC-4BCB-BCA2-344E7C54E1D4}.Release|x86.Build.0 = Release|x86
		{6C22103C-6DCC-4BCB-BCA2-344E7C54E1D4}.Surat Jalan v 2.2.0|x86.ActiveCfg = Surat Jalan v 2.2.0|x86
		{6C22103C-6DCC-4BCB-BCA2-344E7C54E1D4}.Surat Jalan v 2.2.0|x86.Build.0 = Surat Jalan v 2.2.0|x86
	EndGlobalSection
	GlobalSection(SolutionProperties) = preSolution
		HideSolutionNode = FALSE
	EndGlobalSection
EndGlobal
